
Microsoft Visual Studio Solution File, Format Version 12.00
# Visual Studio Version 16
VisualStudioVersion = 16.0.32106.194
MinimumVisualStudioVersion = 10.0.40219.1
Project("{FAE04EC0-301F-11D3-BF4B-00C04F79EFBC}") = "StudentApp", "StudentApp.csproj", "{9FCB91ED-65F1-4846-A126-B8E47F1B524A}"
EndProject
Global
	GlobalSection(SolutionConfigurationPlatforms) = preSolution
		Debug|Any CPU = Debug|Any CPU
		Release|Any CPU = Release|Any CPU
	EndGlobalSection
	GlobalSection(ProjectConfigurationPlatforms) = postSolution
		{9FCB91ED-65F1-4846-A126-B8E47F1B524A}.Debug|Any CPU.ActiveCfg = Debug|Any CPU
		{9FCB91ED-65F1-4846-A126-B8E47F1B524A}.Debug|Any CPU.Build.0 = Debug|Any CPU
		{9FCB91ED-65F1-4846-A126-B8E47F1B524A}.Release|Any CPU.ActiveCfg = Release|Any CPU
		{9FCB91ED-65F1-4846-A126-B8E47F1B524A}.Release|Any CPU.Build.0 = Release|Any CPU
	EndGlobalSection
	GlobalSection(SolutionProperties) = preSolution
		HideSolutionNode = FALSE
	EndGlobalSection
	GlobalSection(ExtensibilityGlobals) = postSolution
		SolutionGuid = {8EF4F4BE-11D5-4BE5-8ECD-DEA8C0A51A35}
	EndGlobalSection
EndGlobal
